{
  "name": "lit-keyboard-game",
  "version": "1.0.0",
  "lockfileVersion": 2,
  "requires": true,
  "packages": {
    "": {
      "version": "1.0.0",
      "license": "ISC",
      "dependencies": {
        "openmoji": "^13.1.0"
      }
    },
    "node_modules/openmoji": {
      "version": "13.1.0",
      "resolved": "https://registry.npmjs.org/openmoji/-/openmoji-13.1.0.tgz",
      "integrity": "sha512-rOY6DKqnCPCU9D8lu/SK1cMVQjiBsiJRT4be+GV+WXPcd1os6AKWKtfGWhz0oIWhTrUB8WbLG72IkTt7l3h6Qw=="
    }
  },
  "dependencies": {
    "openmoji": {
      "version": "13.1.0",
      "resolved": "https://registry.npmjs.org/openmoji/-/openmoji-13.1.0.tgz",
      "integrity": "sha512-rOY6DKqnCPCU9D8lu/SK1cMVQjiBsiJRT4be+GV+WXPcd1os6AKWKtfGWhz0oIWhTrUB8WbLG72IkTt7l3h6Qw=="
    }
  }
}
